// !$*UTF8*$!
{
	archiveVersion = 1;
	classes = {
	};
	objectVersion = 51;
	objects = {

/* Begin PBXBuildFile section */
		308722A7147936B92737B66F /* Pods_Ferofly_Assignment.framework in Frameworks */ = {isa = PBXBuildFile; fileRef = D857D66879BA16AB3F51BF89 /* Pods_Ferofly_Assignment.framework */; };
		D3A64515255831AC006D50F1 /* AppDelegate.swift in Sources */ = {isa = PBXBuildFile; fileRef = D3A64514255831AC006D50F1 /* AppDelegate.swift */; };
		D3A64517255831AC006D50F1 /* SceneDelegate.swift in Sources */ = {isa = PBXBuildFile; fileRef = D3A64516255831AC006D50F1 /* SceneDelegate.swift */; };
		D3A64519255831AC006D50F1 /* ViewController.swift in Sources */ = {isa = PBXBuildFile; fileRef = D3A64518255831AC006D50F1 /* ViewController.swift */; };
		D3A6451C255831AC006D50F1 /* Main.storyboard in Resources */ = {isa = PBXBuildFile; fileRef = D3A6451A255831AC006D50F1 /* Main.storyboard */; };
		D3A6451E255831AF006D50F1 /* Assets.xcassets in Resources */ = {isa = PBXBuildFile; fileRef = D3A6451D255831AF006D50F1 /* Assets.xcassets */; };
		D3A64521255831AF006D50F1 /* LaunchScreen.storyboard in Resources */ = {isa = PBXBuildFile; fileRef = D3A6451F255831AF006D50F1 /* LaunchScreen.storyboard */; };
		D3A6452F25584BEC006D50F1 /* SelectDateTimeViewController.swift in Sources */ = {isa = PBXBuildFile; fileRef = D3A6452E25584BEC006D50F1 /* SelectDateTimeViewController.swift */; };
/* End PBXBuildFile section */

/* Begin PBXFileReference section */
		17CE1033DD455E356F958162 /* Pods-Ferofly-Assignment.debug.xcconfig */ = {isa = PBXFileReference; includeInIndex = 1; lastKnownFileType = text.xcconfig; name = "Pods-Ferofly-Assignment.debug.xcconfig"; path = "Target Support Files/Pods-Ferofly-Assignment/Pods-Ferofly-Assignment.debug.xcconfig"; sourceTree = "<group>"; };
		D3A64511255831AC006D50F1 /* Ferofly-Assignment.app */ = {isa = PBXFileReference; explicitFileType = wrapper.application; includeInIndex = 0; path = "Ferofly-Assignment.app"; sourceTree = BUILT_PRODUCTS_DIR; };
		D3A64514255831AC006D50F1 /* AppDelegate.swift */ = {isa = PBXFileReference; lastKnownFileType = sourcecode.swift; path = AppDelegate.swift; sourceTree = "<group>"; };
		D3A64516255831AC006D50F1 /* SceneDelegate.swift */ = {isa = PBXFileReference; lastKnownFileType = sourcecode.swift; path = SceneDelegate.swift; sourceTree = "<group>"; };
		D3A64518255831AC006D50F1 /* ViewController.swift */ = {isa = PBXFileReference; lastKnownFileType = sourcecode.swift; path = ViewController.swift; sourceTree = "<group>"; };
		D3A6451B255831AC006D50F1 /* Base */ = {isa = PBXFileReference; lastKnownFileType = file.storyboard; name = Base; path = Base.lproj/Main.storyboard; sourceTree = "<group>"; };
		D3A6451D255831AF006D50F1 /* Assets.xcassets */ = {isa = PBXFileReference; lastKnownFileType = folder.assetcatalog; path = Assets.xcassets; sourceTree = "<group>"; };
		D3A64520255831AF006D50F1 /* Base */ = {isa = PBXFileReference; lastKnownFileType = file.storyboard; name = Base; path = Base.lproj/LaunchScreen.storyboard; sourceTree = "<group>"; };
		D3A64522255831AF006D50F1 /* Info.plist */ = {isa = PBXFileReference; lastKnownFileType = text.plist.xml; path = Info.plist; sourceTree = "<group>"; };
		D3A6452E25584BEC006D50F1 /* SelectDateTimeViewController.swift */ = {isa = PBXFileReference; lastKnownFileType = sourcecode.swift; path = SelectDateTimeViewController.swift; sourceTree = "<group>"; };
		D857D66879BA16AB3F51BF89 /* Pods_Ferofly_Assignment.framework */ = {isa = PBXFileReference; explicitFileType = wrapper.framework; includeInIndex = 0; path = Pods_Ferofly_Assignment.framework; sourceTree = BUILT_PRODUCTS_DIR; };
		E009CAEBCB775ED21E6B91F5 /* Pods-Ferofly-Assignment.release.xcconfig */ = {isa = PBXFileReference; includeInIndex = 1; lastKnownFileType = text.xcconfig; name = "Pods-Ferofly-Assignment.release.xcconfig"; path = "Target Support Files/Pods-Ferofly-Assignment/Pods-Ferofly-Assignment.release.xcconfig"; sourceTree = "<group>"; };
/* End PBXFileReference section */

/* Begin PBXFrameworksBuildPhase section */
		D3A6450E255831AC006D50F1 /* Frameworks */ = {
			isa = PBXFrameworksBuildPhase;
			buildActionMask = 2147483647;
			files = (
				308722A7147936B92737B66F /* Pods_Ferofly_Assignment.framework in Frameworks */,
			);
			runOnlyForDeploymentPostprocessing = 0;
		};
/* End PBXFrameworksBuildPhase section */

/* Begin PBXGroup section */
		AA853FA05A90E4EBFAAB127F /* Frameworks */ = {
			isa = PBXGroup;
			children = (
				D857D66879BA16AB3F51BF89 /* Pods_Ferofly_Assignment.framework */,
			);
			name = Frameworks;
			sourceTree = "<group>";
		};
		D3A64508255831AC006D50F1 = {
			isa = PBXGroup;
			children = (
				D3A64513255831AC006D50F1 /* Ferofly-Assignment */,
				D3A64512255831AC006D50F1 /* Products */,
				D526F39F7A6F8AB8F8879DD0 /* Pods */,
				AA853FA05A90E4EBFAAB127F /* Frameworks */,
			);
			sourceTree = "<group>";
		};
		D3A64512255831AC006D50F1 /* Products */ = {
			isa = PBXGroup;
			children = (
				D3A64511255831AC006D50F1 /* Ferofly-Assignment.app */,
			);
			name = Products;
			sourceTree = "<group>";
		};
		D3A64513255831AC006D50F1 /* Ferofly-Assignment */ = {
			isa = PBXGroup;
			children = (
				D3A64514255831AC006D50F1 /* AppDelegate.swift */,
				D3A64516255831AC006D50F1 /* SceneDelegate.swift */,
				D3A64518255831AC006D50F1 /* ViewController.swift */,
				D3A6452E25584BEC006D50F1 /* SelectDateTimeViewController.swift */,
				D3A6451A255831AC006D50F1 /* Main.storyboard */,
				D3A6451D255831AF006D50F1 /* Assets.xcassets */,
				D3A6451F255831AF006D50F1 /* LaunchScreen.storyboard */,
				D3A64522255831AF006D50F1 /* Info.plist */,
			);
			path = "Ferofly-Assignment";
			sourceTree = "<group>";
		};
		D526F39F7A6F8AB8F8879DD0 /* Pods */ = {
			isa = PBXGroup;
			children = (
				17CE1033DD455E356F958162 /* Pods-Ferofly-Assignment.debug.xcconfig */,
				E009CAEBCB775ED21E6B91F5 /* Pods-Ferofly-Assignment.release.xcconfig */,
			);
			path = Pods;
			sourceTree = "<group>";
		};
/* End PBXGroup section */

/* Begin PBXNativeTarget section */
		D3A64510255831AC006D50F1 /* Ferofly-Assignment */ = {
			isa = PBXNativeTarget;
			buildConfigurationList = D3A64525255831AF006D50F1 /* Build configuration list for PBXNativeTarget "Ferofly-Assignment" */;
			buildPhases = (
				BA168D64199957C38082C90D /* [CP] Check Pods Manifest.lock */,
				D3A6450D255831AC006D50F1 /* Sources */,
				D3A6450E255831AC006D50F1 /* Frameworks */,
				D3A6450F255831AC006D50F1 /* Resources */,
				7BB20314514008E72AADB994 /* [CP] Embed Pods Frameworks */,
			);
			buildRules = (
			);
			dependencies = (
			);
			name = "Ferofly-Assignment";
			productName = "Ferofly-Assignment";
			productReference = D3A64511255831AC006D50F1 /* Ferofly-Assignment.app */;
			productType = "com.apple.product-type.application";
		};
/* End PBXNativeTarget section */

/* Begin PBXProject section */
		D3A64509255831AC006D50F1 /* Project object */ = {
			isa = PBXProject;
			attributes = {
				LastSwiftUpdateCheck = 1210;
				LastUpgradeCheck = 1210;
				TargetAttributes = {
					D3A64510255831AC006D50F1 = {
						CreatedOnToolsVersion = 12.1;
					};
				};
			};
			buildConfigurationList = D3A6450C255831AC006D50F1 /* Build configuration list for PBXProject "Ferofly-Assignment" */;
			compatibilityVersion = "Xcode 9.3";
			developmentRegion = en;
			hasScannedForEncodings = 0;
			knownRegions = (
				en,
				Base,
			);
			mainGroup = D3A64508255831AC006D50F1;
			productRefGroup = D3A64512255831AC006D50F1 /* Products */;
			projectDirPath = "";
			projectRoot = "";
			targets = (
				D3A64510255831AC006D50F1 /* Ferofly-Assignment */,
			);
		};
/* End PBXProject section */

/* Begin PBXResourcesBuildPhase section */
		D3A6450F255831AC006D50F1 /* Resources */ = {
			isa = PBXResourcesBuildPhase;
			buildActionMask = 2147483647;
			files = (
				D3A64521255831AF006D50F1 /* LaunchScreen.storyboard in Resources */,
				D3A6451E255831AF006D50F1 /* Assets.xcassets in Resources */,
				D3A6451C255831AC006D50F1 /* Main.storyboard in Resources */,
			);
			runOnlyForDeploymentPostprocessing = 0;
		};
/* End PBXResourcesBuildPhase section */

/* Begin PBXShellScriptBuildPhase section */
		7BB20314514008E72AADB994 /* [CP] Embed Pods Frameworks */ = {
			isa = PBXShellScriptBuildPhase;
			buildActionMask = 2147483647;
			files = (
			);
			inputFileListPaths = (
				"${PODS_ROOT}/Target Support Files/Pods-Ferofly-Assignment/Pods-Ferofly-Assignment-frameworks-${CONFIGURATION}-input-files.xcfilelist",
			);
			name = "[CP] Embed Pods Frameworks";
			outputFileListPaths = (
				"${PODS_ROOT}/Target Support Files/Pods-Ferofly-Assignment/Pods-Ferofly-Assignment-frameworks-${CONFIGURATION}-output-files.xcfilelist",
			);
			runOnlyForDeploymentPostprocessing = 0;
			shellPath = /bin/sh;
			shellScript = "\"${PODS_ROOT}/Target Support Files/Pods-Ferofly-Assignment/Pods-Ferofly-Assignment-frameworks.sh\"\n";
			showEnvVarsInLog = 0;
		};
		BA168D64199957C38082C90D /* [CP] Check Pods Manifest.lock */ = {
			isa = PBXShellScriptBuildPhase;
			buildActionMask = 2147483647;
			files = (
			);
			inputFileListPaths = (
			);
			inputPaths = (
				"${PODS_PODFILE_DIR_PATH}/Podfile.lock",
				"${PODS_ROOT}/Manifest.lock",
			);
			name = "[CP] Check Pods Manifest.lock";
			outputFileListPaths = (
			);
			outputPaths = (
				"$(DERIVED_FILE_DIR)/Pods-Ferofly-Assignment-checkManifestLockResult.txt",
			);
			runOnlyForDeploymentPostprocessing = 0;
			shellPath = /bin/sh;
			shellScript = "diff \"${PODS_PODFILE_DIR_PATH}/Podfile.lock\" \"${PODS_ROOT}/Manifest.lock\" > /dev/null\nif [ $? != 0 ] ; then\n    # print error to STDERR\n    echo \"error: The sandbox is not in sync with the Podfile.lock. Run 'pod install' or update your CocoaPods installation.\" >&2\n    exit 1\nfi\n# This output is used by Xcode 'outputs' to avoid re-running this script phase.\necho \"SUCCESS\" > \"${SCRIPT_OUTPUT_FILE_0}\"\n";
			showEnvVarsInLog = 0;
		};
/* End PBXShellScriptBuildPhase section */

/* Begin PBXSourcesBuildPhase section */
		D3A6450D255831AC006D50F1 /* Sources */ = {
			isa = PBXSourcesBuildPhase;
			buildActionMask = 2147483647;
			files = (
				D3A64519255831AC006D50F1 /* ViewController.swift in Sources */,
				D3A64515255831AC006D50F1 /* AppDelegate.swift in Sources */,
				D3A64517255831AC006D50F1 /* SceneDelegate.swift in Sources */,
				D3A6452F25584BEC006D50F1 /* SelectDateTimeViewController.swift in Sources */,
			);
			runOnlyForDeploymentPostprocessing = 0;
		};
/* End PBXSourcesBuildPhase section */

/* Begin PBXVariantGroup section */
		D3A6451A255831AC006D50F1 /* Main.storyboard */ = {
			isa = PBXVariantGroup;
			children = (
				D3A6451B255831AC006D50F1 /* Base */,
			);
			name = Main.storyboard;
			sourceTree = "<group>";
		};
		D3A6451F255831AF006D50F1 /* LaunchScreen.storyboard */ = {
			isa = PBXVariantGroup;
			children = (
				D3A64520255831AF006D50F1 /* Base */,
			);
			name = LaunchScreen.storyboard;
			sourceTree = "<group>";
		};
/* End PBXVariantGroup section */

/* Begin XCBuildConfiguration section */
		D3A64523255831AF006D50F1 /* Debug */ = {
			isa = XCBuildConfiguration;
			buildSettings = {
				ALWAYS_SEARCH_USER_PATHS = NO;
				CLANG_ANALYZER_NONNULL = YES;
				CLANG_ANALYZER_NUMBER_OBJECT_CONVERSION = YES_AGGRESSIVE;
				CLANG_CXX_LANGUAGE_STANDARD = "gnu++14";
				CLANG_CXX_LIBRARY = "libc++";
				CLANG_ENABLE_MODULES = YES;
				CLANG_ENABLE_OBJC_ARC = YES;
				CLANG_ENABLE_OBJC_WEAK = YES;
				CLANG_WARN_BLOCK_CAPTURE_AUTORELEASING = YES;
				CLANG_WARN_BOOL_CONVERSION = YES;
				CLANG_WARN_COMMA = YES;
				CLANG_WARN_CONSTANT_CONVERSION = YES;
				CLANG_WARN_DEPRECATED_OBJC_IMPLEMENTATIONS = YES;
				CLANG_WARN_DIRECT_OBJC_ISA_USAGE = YES_ERROR;
				CLANG_WARN_DOCUMENTATION_COMMENTS = YES;
				CLANG_WARN_EMPTY_BODY = YES;
				CLANG_WARN_ENUM_CONVERSION = YES;
				CLANG_WARN_INFINITE_RECURSION = YES;
				CLANG_WARN_INT_CONVERSION = YES;
				CLANG_WARN_NON_LITERAL_NULL_CONVERSION = YES;
				CLANG_WARN_OBJC_IMPLICIT_RETAIN_SELF = YES;
				CLANG_WARN_OBJC_LITERAL_CONVERSION = YES;
				CLANG_WARN_OBJC_ROOT_CLASS = YES_ERROR;
				CLANG_WARN_QUOTED_INCLUDE_IN_FRAMEWORK_HEADER = YES;
				CLANG_WARN_RANGE_LOOP_ANALYSIS = YES;
				CLANG_WARN_STRICT_PROTOTYPES = YES;
				CLANG_WARN_SUSPICIOUS_MOVE = YES;
				CLANG_WARN_UNGUARDED_AVAILABILITY = YES_AGGRESSIVE;
				CLANG_WARN_UNREACHABLE_CODE = YES;
				CLANG_WARN__DUPLICATE_METHOD_MATCH = YES;
				COPY_PHASE_STRIP = NO;
				DEBUG_INFORMATION_FORMAT = dwarf;
				ENABLE_STRICT_OBJC_MSGSEND = YES;
				ENABLE_TESTABILITY = YES;
				GCC_C_LANGUAGE_STANDARD = gnu11;
				GCC_DYNAMIC_NO_PIC = NO;
				GCC_NO_COMMON_BLOCKS = YES;
				GCC_OPTIMIZATION_LEVEL = 0;
				GCC_PREPROCESSOR_DEFINITIONS = (
					"DEBUG=1",
					"$(inherited)",
				);
				GCC_WARN_64_TO_32_BIT_CONVERSION = YES;
				GCC_WARN_ABOUT_RETURN_TYPE = YES_ERROR;
				GCC_WARN_UNDECLARED_SELECTOR = YES;
				GCC_WARN_UNINITIALIZED_AUTOS = YES_AGGRESSIVE;
				GCC_WARN_UNUSED_FUNCTION = YES;
				GCC_WARN_UNUSED_VARIABLE = YES;
				IPHONEOS_DEPLOYMENT_TARGET = 14.1;
				MTL_ENABLE_DEBUG_INFO = INCLUDE_SOURCE;
				MTL_FAST_MATH = YES;
				ONLY_ACTIVE_ARCH = YES;
				SDKROOT = iphoneos;
				SWIFT_ACTIVE_COMPILATION_CONDITIONS = DEBUG;
				SWIFT_OPTIMIZATION_LEVEL = "-Onone";
			};
			name = Debug;
		};
		D3A64524255831AF006D50F1 /* Release */ = {
			isa = XCBuildConfiguration;
			buildSettings = {
				ALWAYS_SEARCH_USER_PATHS = NO;
				CLANG_ANALYZER_NONNULL = YES;
				CLANG_ANALYZER_NUMBER_OBJECT_CONVERSION = YES_AGGRESSIVE;
				CLANG_CXX_LANGUAGE_STANDARD = "gnu++14";
				CLANG_CXX_LIBRARY = "libc++";
				CLANG_ENABLE_MODULES = YES;
				CLANG_ENABLE_OBJC_ARC = YES;
				CLANG_ENABLE_OBJC_WEAK = YES;
				CLANG_WARN_BLOCK_CAPTURE_AUTORELEASING = YES;
				CLANG_WARN_BOOL_CONVERSION = YES;
				CLANG_WARN_COMMA = YES;
				CLANG_WARN_CONSTANT_CONVERSION = YES;
				CLANG_WARN_DEPRECATED_OBJC_IMPLEMENTATIONS = YES;
				CLANG_WARN_DIRECT_OBJC_ISA_USAGE = YES_ERROR;
				CLANG_WARN_DOCUMENTATION_COMMENTS = YES;
				CLANG_WARN_EMPTY_BODY = YES;
				CLANG_WARN_ENUM_CONVERSION = YES;
				CLANG_WARN_INFINITE_RECURSION = YES;
				CLANG_WARN_INT_CONVERSION = YES;
				CLANG_WARN_NON_LITERAL_NULL_CONVERSION = YES;
				CLANG_WARN_OBJC_IMPLICIT_RETAIN_SELF = YES;
				CLANG_WARN_OBJC_LITERAL_CONVERSION = YES;
				CLANG_WARN_OBJC_ROOT_CLASS = YES_ERROR;
				CLANG_WARN_QUOTED_INCLUDE_IN_FRAMEWORK_HEADER = YES;
				CLANG_WARN_RANGE_LOOP_ANALYSIS = YES;
				CLANG_WARN_STRICT_PROTOTYPES = YES;
				CLANG_WARN_SUSPICIOUS_MOVE = YES;
				CLANG_WARN_UNGUARDED_AVAILABILITY = YES_AGGRESSIVE;
				CLANG_WARN_UNREACHABLE_CODE = YES;
				CLANG_WARN__DUPLICATE_METHOD_MATCH = YES;
				COPY_PHASE_STRIP = NO;
				DEBUG_INFORMATION_FORMAT = "dwarf-with-dsym";
				ENABLE_NS_ASSERTIONS = NO;
				ENABLE_STRICT_OBJC_MSGSEND = YES;
				GCC_C_LANGUAGE_STANDARD = gnu11;
				GCC_NO_COMMON_BLOCKS = YES;
				GCC_WARN_64_TO_32_BIT_CONVERSION = YES;
				GCC_WARN_ABOUT_RETURN_TYPE = YES_ERROR;
				GCC_WARN_UNDECLARED_SELECTOR = YES;
				GCC_WARN_UNINITIALIZED_AUTOS = YES_AGGRESSIVE;
				GCC_WARN_UNUSED_FUNCTION = YES;
				GCC_WARN_UNUSED_VARIABLE = YES;
				IPHONEOS_DEPLOYMENT_TARGET = 14.1;
				MTL_ENABLE_DEBUG_INFO = NO;
				MTL_FAST_MATH = YES;
				SDKROOT = iphoneos;
				SWIFT_COMPILATION_MODE = wholemodule;
				SWIFT_OPTIMIZATION_LEVEL = "-O";
				VALIDATE_PRODUCT = YES;
			};
			name = Release;
		};
		D3A64526255831AF006D50F1 /* Debug */ = {
			isa = XCBuildConfiguration;
			baseConfigurationReference = 17CE1033DD455E356F958162 /* Pods-Ferofly-Assignment.debug.xcconfig */;
			buildSettings = {
				ASSETCATALOG_COMPILER_APPICON_NAME = AppIcon;
				ASSETCATALOG_COMPILER_GLOBAL_ACCENT_COLOR_NAME = AccentColor;
				CODE_SIGN_STYLE = Automatic;
				DEVELOPMENT_TEAM = 47F65AFS84;
				INFOPLIST_FILE = "Ferofly-Assignment/Info.plist";
				LD_RUNPATH_SEARCH_PATHS = (
					"$(inherited)",
					"@executable_path/Frameworks",
				);
				PRODUCT_BUNDLE_IDENTIFIER = "com.subhronil.saha.Ferofly-Assignment";
				PRODUCT_NAME = "$(TARGET_NAME)";
				SWIFT_VERSION = 5.0;
				TARGETED_DEVICE_FAMILY = "1,2";
			};
			name = Debug;
		};
		D3A64527255831AF006D50F1 /* Release */ = {
			isa = XCBuildConfiguration;
			baseConfigurationReference = E009CAEBCB775ED21E6B91F5 /* Pods-Ferofly-Assignment.release.xcconfig */;
			buildSettings = {
				ASSETCATALOG_COMPILER_APPICON_NAME = AppIcon;
				ASSETCATALOG_COMPILER_GLOBAL_ACCENT_COLOR_NAME = AccentColor;
				CODE_SIGN_STYLE = Automatic;
				DEVELOPMENT_TEAM = 47F65AFS84;
				INFOPLIST_FILE = "Ferofly-Assignment/Info.plist";
				LD_RUNPATH_SEARCH_PATHS = (
					"$(inherited)",
					"@executable_path/Frameworks",
				);
				PRODUCT_BUNDLE_IDENTIFIER = "com.subhronil.saha.Ferofly-Assignment";
				PRODUCT_NAME = "$(TARGET_NAME)";
				SWIFT_VERSION = 5.0;
				TARGETED_DEVICE_FAMILY = "1,2";
			};
			name = Release;
		};
/* End XCBuildConfiguration section */

/* Begin XCConfigurationList section */
		D3A6450C255831AC006D50F1 /* Build configuration list for PBXProject "Ferofly-Assignment" */ = {
			isa = XCConfigurationList;
			buildConfigurations = (
				D3A64523255831AF006D50F1 /* Debug */,
				D3A64524255831AF006D50F1 /* Release */,
			);
			defaultConfigurationIsVisible = 0;
			defaultConfigurationName = Release;
		};
		D3A64525255831AF006D50F1 /* Build configuration list for PBXNativeTarget "Ferofly-Assignment" */ = {
			isa = XCConfigurationList;
			buildConfigurations = (
				D3A64526255831AF006D50F1 /* Debug */,
				D3A64527255831AF006D50F1 /* Release */,
			);
			defaultConfigurationIsVisible = 0;
			defaultConfigurationName = Release;
		};
/* End XCConfigurationList section */
	};
	rootObject = D3A64509255831AC006D50F1 /* Project object */;
}
